
Microsoft Visual Studio Solution File, Format Version 12.00
# Visual Studio 2013
VisualStudioVersion = 12.0.30501.0
MinimumVisualStudioVersion = 10.0.40219.1
Project("{FAE04EC0-301F-11D3-BF4B-00C04F79EFBC}") = "Altman.Desktop", "Altman\Altman.Desktop.csproj", "{C8B447F9-E4D2-4D79-94F9-74582509E6E1}"
EndProject
Project("{FAE04EC0-301F-11D3-BF4B-00C04F79EFBC}") = "Test_DoNetPlugin", "Test_DoNetPlugin\Test_DoNetPlugin.csproj", "{73257C27-0D95-471E-92DA-704D0012F83F}"
EndProject
Project("{FAE04EC0-301F-11D3-BF4B-00C04F79EFBC}") = "Plugin_ShellCmder", "Plugin_ShellCmder\Plugin_ShellCmder.csproj", "{A46AD8F1-CAEF-485A-A36C-4967671224BE}"
EndProject
Project("{FAE04EC0-301F-11D3-BF4B-00C04F79EFBC}") = "Plugin_FileManager", "Plugin_FileManager\Plugin_FileManager.csproj", "{0F1AD89A-3B01-4BBE-A1F0-93A7FE9C34D8}"
EndProject
Project("{FAE04EC0-301F-11D3-BF4B-00C04F79EFBC}") = "Plugin_DbManager", "Plugin_DbManager\Plugin_DbManager.csproj", "{70100E00-8921-4B78-9EEA-5326F8D0352E}"
EndProject
Project("{FAE04EC0-301F-11D3-BF4B-00C04F79EFBC}") = "Plugin_PluginManager", "Plugin_PluginManager\Plugin_PluginManager.csproj", "{3BBF7451-1844-40EA-9661-1E95D22D411F}"
EndProject
Project("{FAE04EC0-301F-11D3-BF4B-00C04F79EFBC}") = "Plugin_ShellManager", "Plugin_ShellManager\Plugin_ShellManager.csproj", "{F813E48D-D2FD-4A58-A039-C847DE92AFC7}"
EndProject
Project("{FAE04EC0-301F-11D3-BF4B-00C04F79EFBC}") = "PluginFramework", "PluginFramework\PluginFramework.csproj", "{86D5E7B9-D58B-41EB-81D9-FC548F055EE5}"
EndProject
Project("{FAE04EC0-301F-11D3-BF4B-00C04F79EFBC}") = "AltmanUtil", "AltmanUtil\AltmanUtil.csproj", "{FBFBAB99-6585-4360-AE7B-08842326A64C}"
EndProject
Project("{FAE04EC0-301F-11D3-BF4B-00C04F79EFBC}") = "Altman.WinForm", "Altman.WinForm\Altman.WinForm.csproj", "{0CB137C9-A6E1-4482-A7A2-B4A23304D698}"
EndProject
Project("{FAE04EC0-301F-11D3-BF4B-00C04F79EFBC}") = "Altman.Wpf", "Altman.Wpf\Altman.Wpf.csproj", "{B8D40D96-2D55-4701-AC80-36C1C23A5170}"
EndProject
Project("{FAE04EC0-301F-11D3-BF4B-00C04F79EFBC}") = "Altman.Gtk", "Altman.Gtk\Altman.Gtk.csproj", "{F62FEE7B-3D05-4ECA-BB9C-C45867A6A87B}"
EndProject
Project("{FAE04EC0-301F-11D3-BF4B-00C04F79EFBC}") = "Altman.Mac", "Altman.Mac\Altman.Mac.csproj", "{5CE03A63-03F0-4FA3-8E4D-20C0D2CC178E}"
EndProject
Project("{2150E333-8FDC-42A3-9474-1A3956D46DE8}") = "Plugin", "Plugin", "{A0042CF8-0BA0-4238-A6CD-BE0AD015FCD4}"
EndProject
Project("{FAE04EC0-301F-11D3-BF4B-00C04F79EFBC}") = "IPythonMef", "AltmanMef\IPythonMef.csproj", "{F7E04E19-6B7A-434E-BD12-5D50F6B1F058}"
EndProject
Project("{FAE04EC0-301F-11D3-BF4B-00C04F79EFBC}") = "Plugin_IronPythonCollection", "Plugin_IronPythonCollection\Plugin_IronPythonCollection.csproj", "{3D6C2B2C-3E9E-498C-8DAC-2C76DA2A85FD}"
EndProject
Project("{2150E333-8FDC-42A3-9474-1A3956D46DE8}") = "Test", "Test", "{C734A6D6-27EC-42E6-83F1-40C34C746519}"
EndProject
Project("{FAE04EC0-301F-11D3-BF4B-00C04F79EFBC}") = "Test_IronPythonPlugin", "Test_IronPythonPlugin\Test_IronPythonPlugin.csproj", "{B04F9AE9-4144-44B4-A730-85105E6FBA7C}"
EndProject
Project("{FAE04EC0-301F-11D3-BF4B-00C04F79EFBC}") = "UnitTest", "UnitTest\UnitTest.csproj", "{124ECA1A-4538-4C25-8B68-A0EEB4CBBAA0}"
EndProject
Project("{FAE04EC0-301F-11D3-BF4B-00C04F79EFBC}") = "Plugin_DeveloperTool", "Plugin_DeveloperTool\Plugin_DeveloperTool.csproj", "{BED9E674-77EB-4841-9065-0E9D25561DED}"
EndProject
Project("{FAE04EC0-301F-11D3-BF4B-00C04F79EFBC}") = "Plugin_Encoder", "Plugin_Encoder\Plugin_Encoder.csproj", "{F4E5D35B-3009-4B95-B3EB-3F4536804279}"
EndProject
Global
	GlobalSection(SolutionConfigurationPlatforms) = preSolution
		AppStore|Any CPU = AppStore|Any CPU
		AppStore|Mixed Platforms = AppStore|Mixed Platforms
		AppStore|x86 = AppStore|x86
		Debug|Any CPU = Debug|Any CPU
		Debug|Mixed Platforms = Debug|Mixed Platforms
		Debug|x86 = Debug|x86
		Release|Any CPU = Release|Any CPU
		Release|Mixed Platforms = Release|Mixed Platforms
		Release|x86 = Release|x86
	EndGlobalSection
	GlobalSection(ProjectConfigurationPlatforms) = postSolution
		{C8B447F9-E4D2-4D79-94F9-74582509E6E1}.AppStore|Any CPU.ActiveCfg = Debug|Any CPU
		{C8B447F9-E4D2-4D79-94F9-74582509E6E1}.AppStore|Any CPU.Build.0 = Debug|Any CPU
		{C8B447F9-E4D2-4D79-94F9-74582509E6E1}.AppStore|Mixed Platforms.ActiveCfg = Release|x86
		{C8B447F9-E4D2-4D79-94F9-74582509E6E1}.AppStore|x86.ActiveCfg = Release|x86
		{C8B447F9-E4D2-4D79-94F9-74582509E6E1}.Debug|Any CPU.ActiveCfg = Debug|Any CPU
		{C8B447F9-E4D2-4D79-94F9-74582509E6E1}.Debug|Any CPU.Build.0 = Debug|Any CPU
		{C8B447F9-E4D2-4D79-94F9-74582509E6E1}.Debug|Mixed Platforms.ActiveCfg = Debug|x86
		{C8B447F9-E4D2-4D79-94F9-74582509E6E1}.Debug|Mixed Platforms.Build.0 = Debug|x86
		{C8B447F9-E4D2-4D79-94F9-74582509E6E1}.Debug|x86.ActiveCfg = Debug|x86
		{C8B447F9-E4D2-4D79-94F9-74582509E6E1}.Debug|x86.Build.0 = Debug|x86
		{C8B447F9-E4D2-4D79-94F9-74582509E6E1}.Release|Any CPU.ActiveCfg = Release|Any CPU
		{C8B447F9-E4D2-4D79-94F9-74582509E6E1}.Release|Any CPU.Build.0 = Release|Any CPU
		{C8B447F9-E4D2-4D79-94F9-74582509E6E1}.Release|Mixed Platforms.ActiveCfg = Release|x86
		{C8B447F9-E4D2-4D79-94F9-74582509E6E1}.Release|Mixed Platforms.Build.0 = Release|x86
		{C8B447F9-E4D2-4D79-94F9-74582509E6E1}.Release|x86.ActiveCfg = Release|x86
		{C8B447F9-E4D2-4D79-94F9-74582509E6E1}.Release|x86.Build.0 = Release|x86
		{73257C27-0D95-471E-92DA-704D0012F83F}.AppStore|Any CPU.ActiveCfg = Debug|Any CPU
		{73257C27-0D95-471E-92DA-704D0012F83F}.AppStore|Any CPU.Build.0 = Debug|Any CPU
		{73257C27-0D95-471E-92DA-704D0012F83F}.AppStore|Mixed Platforms.ActiveCfg = Release|x86
		{73257C27-0D95-471E-92DA-704D0012F83F}.AppStore|x86.ActiveCfg = Release|x86
		{73257C27-0D95-471E-92DA-704D0012F83F}.Debug|Any CPU.ActiveCfg = Debug|Any CPU
		{73257C27-0D95-471E-92DA-704D0012F83F}.Debug|Any CPU.Build.0 = Debug|Any CPU
		{73257C27-0D95-471E-92DA-704D0012F83F}.Debug|Mixed Platforms.ActiveCfg = Debug|Any CPU
		{73257C27-0D95-471E-92DA-704D0012F83F}.Debug|Mixed Platforms.Build.0 = Debug|Any CPU
		{73257C27-0D95-471E-92DA-704D0012F83F}.Debug|x86.ActiveCfg = Debug|x86
		{73257C27-0D95-471E-92DA-704D0012F83F}.Debug|x86.Build.0 = Debug|x86
		{73257C27-0D95-471E-92DA-704D0012F83F}.Release|Any CPU.ActiveCfg = Release|Any CPU
		{73257C27-0D95-471E-92DA-704D0012F83F}.Release|Any CPU.Build.0 = Release|Any CPU
		{73257C27-0D95-471E-92DA-704D0012F83F}.Release|Mixed Platforms.ActiveCfg = Release|Any CPU
		{73257C27-0D95-471E-92DA-704D0012F83F}.Release|Mixed Platforms.Build.0 = Release|Any CPU
		{73257C27-0D95-471E-92DA-704D0012F83F}.Release|x86.ActiveCfg = Release|x86
		{73257C27-0D95-471E-92DA-704D0012F83F}.Release|x86.Build.0 = Release|x86
		{A46AD8F1-CAEF-485A-A36C-4967671224BE}.AppStore|Any CPU.ActiveCfg = Debug|Any CPU
		{A46AD8F1-CAEF-485A-A36C-4967671224BE}.AppStore|Any CPU.Build.0 = Debug|Any CPU
		{A46AD8F1-CAEF-485A-A36C-4967671224BE}.AppStore|Mixed Platforms.ActiveCfg = Release|x86
		{A46AD8F1-CAEF-485A-A36C-4967671224BE}.AppStore|x86.ActiveCfg = Release|x86
		{A46AD8F1-CAEF-485A-A36C-4967671224BE}.Debug|Any CPU.ActiveCfg = Debug|Any CPU
		{A46AD8F1-CAEF-485A-A36C-4967671224BE}.Debug|Any CPU.Build.0 = Debug|Any CPU
		{A46AD8F1-CAEF-485A-A36C-4967671224BE}.Debug|Mixed Platforms.ActiveCfg = Debug|Any CPU
		{A46AD8F1-CAEF-485A-A36C-4967671224BE}.Debug|Mixed Platforms.Build.0 = Debug|Any CPU
		{A46AD8F1-CAEF-485A-A36C-4967671224BE}.Debug|x86.ActiveCfg = Debug|x86
		{A46AD8F1-CAEF-485A-A36C-4967671224BE}.Debug|x86.Build.0 = Debug|x86
		{A46AD8F1-CAEF-485A-A36C-4967671224BE}.Release|Any CPU.ActiveCfg = Release|Any CPU
		{A46AD8F1-CAEF-485A-A36C-4967671224BE}.Release|Any CPU.Build.0 = Release|Any CPU
		{A46AD8F1-CAEF-485A-A36C-4967671224BE}.Release|Mixed Platforms.ActiveCfg = Release|Any CPU
		{A46AD8F1-CAEF-485A-A36C-4967671224BE}.Release|Mixed Platforms.Build.0 = Release|Any CPU
		{A46AD8F1-CAEF-485A-A36C-4967671224BE}.Release|x86.ActiveCfg = Release|x86
		{0F1AD89A-3B01-4BBE-A1F0-93A7FE9C34D8}.AppStore|Any CPU.ActiveCfg = Debug|Any CPU
		{0F1AD89A-3B01-4BBE-A1F0-93A7FE9C34D8}.AppStore|Any CPU.Build.0 = Debug|Any CPU
		{0F1AD89A-3B01-4BBE-A1F0-93A7FE9C34D8}.AppStore|Mixed Platforms.ActiveCfg = Release|x86
		{0F1AD89A-3B01-4BBE-A1F0-93A7FE9C34D8}.AppStore|x86.ActiveCfg = Release|x86
		{0F1AD89A-3B01-4BBE-A1F0-93A7FE9C34D8}.Debug|Any CPU.ActiveCfg = Debug|Any CPU
		{0F1AD89A-3B01-4BBE-A1F0-93A7FE9C34D8}.Debug|Any CPU.Build.0 = Debug|Any CPU
		{0F1AD89A-3B01-4BBE-A1F0-93A7FE9C34D8}.Debug|Mixed Platforms.ActiveCfg = Debug|Any CPU
		{0F1AD89A-3B01-4BBE-A1F0-93A7FE9C34D8}.Debug|Mixed Platforms.Build.0 = Debug|Any CPU
		{0F1AD89A-3B01-4BBE-A1F0-93A7FE9C34D8}.Debug|x86.ActiveCfg = Debug|x86
		{0F1AD89A-3B01-4BBE-A1F0-93A7FE9C34D8}.Debug|x86.Build.0 = Debug|x86
		{0F1AD89A-3B01-4BBE-A1F0-93A7FE9C34D8}.Release|Any CPU.ActiveCfg = Release|Any CPU
		{0F1AD89A-3B01-4BBE-A1F0-93A7FE9C34D8}.Release|Any CPU.Build.0 = Release|Any CPU
		{0F1AD89A-3B01-4BBE-A1F0-93A7FE9C34D8}.Release|Mixed Platforms.ActiveCfg = Release|Any CPU
		{0F1AD89A-3B01-4BBE-A1F0-93A7FE9C34D8}.Release|Mixed Platforms.Build.0 = Release|Any CPU
		{0F1AD89A-3B01-4BBE-A1F0-93A7FE9C34D8}.Release|x86.ActiveCfg = Release|x86
		{70100E00-8921-4B78-9EEA-5326F8D0352E}.AppStore|Any CPU.ActiveCfg = Debug|Any CPU
		{70100E00-8921-4B78-9EEA-5326F8D0352E}.AppStore|Any CPU.Build.0 = Debug|Any CPU
		{70100E00-8921-4B78-9EEA-5326F8D0352E}.AppStore|Mixed Platforms.ActiveCfg = Release|x86
		{70100E00-8921-4B78-9EEA-5326F8D0352E}.AppStore|x86.ActiveCfg = Release|x86
		{70100E00-8921-4B78-9EEA-5326F8D0352E}.Debug|Any CPU.ActiveCfg = Debug|Any CPU
		{70100E00-8921-4B78-9EEA-5326F8D0352E}.Debug|Any CPU.Build.0 = Debug|Any CPU
		{70100E00-8921-4B78-9EEA-5326F8D0352E}.Debug|Mixed Platforms.ActiveCfg = Debug|Any CPU
		{70100E00-8921-4B78-9EEA-5326F8D0352E}.Debug|Mixed Platforms.Build.0 = Debug|Any CPU
		{70100E00-8921-4B78-9EEA-5326F8D0352E}.Debug|x86.ActiveCfg = Debug|x86
		{70100E00-8921-4B78-9EEA-5326F8D0352E}.Debug|x86.Build.0 = Debug|x86
		{70100E00-8921-4B78-9EEA-5326F8D0352E}.Release|Any CPU.ActiveCfg = Release|Any CPU
		{70100E00-8921-4B78-9EEA-5326F8D0352E}.Release|Any CPU.Build.0 = Release|Any CPU
		{70100E00-8921-4B78-9EEA-5326F8D0352E}.Release|Mixed Platforms.ActiveCfg = Release|Any CPU
		{70100E00-8921-4B78-9EEA-5326F8D0352E}.Release|Mixed Platforms.Build.0 = Release|Any CPU
		{70100E00-8921-4B78-9EEA-5326F8D0352E}.Release|x86.ActiveCfg = Release|x86
		{3BBF7451-1844-40EA-9661-1E95D22D411F}.AppStore|Any CPU.ActiveCfg = Debug|Any CPU
		{3BBF7451-1844-40EA-9661-1E95D22D411F}.AppStore|Any CPU.Build.0 = Debug|Any CPU
		{3BBF7451-1844-40EA-9661-1E95D22D411F}.AppStore|Mixed Platforms.ActiveCfg = Release|x86
		{3BBF7451-1844-40EA-9661-1E95D22D411F}.AppStore|x86.ActiveCfg = Release|x86
		{3BBF7451-1844-40EA-9661-1E95D22D411F}.Debug|Any CPU.ActiveCfg = Debug|Any CPU
		{3BBF7451-1844-40EA-9661-1E95D22D411F}.Debug|Any CPU.Build.0 = Debug|Any CPU
		{3BBF7451-1844-40EA-9661-1E95D22D411F}.Debug|Mixed Platforms.ActiveCfg = Debug|Any CPU
		{3BBF7451-1844-40EA-9661-1E95D22D411F}.Debug|Mixed Platforms.Build.0 = Debug|Any CPU
		{3BBF7451-1844-40EA-9661-1E95D22D411F}.Debug|x86.ActiveCfg = Debug|x86
		{3BBF7451-1844-40EA-9661-1E95D22D411F}.Debug|x86.Build.0 = Debug|x86
		{3BBF7451-1844-40EA-9661-1E95D22D411F}.Release|Any CPU.ActiveCfg = Release|Any CPU
		{3BBF7451-1844-40EA-9661-1E95D22D411F}.Release|Any CPU.Build.0 = Release|Any CPU
		{3BBF7451-1844-40EA-9661-1E95D22D411F}.Release|Mixed Platforms.ActiveCfg = Release|Any CPU
		{3BBF7451-1844-40EA-9661-1E95D22D411F}.Release|Mixed Platforms.Build.0 = Release|Any CPU
		{3BBF7451-1844-40EA-9661-1E95D22D411F}.Release|x86.ActiveCfg = Release|x86
		{F813E48D-D2FD-4A58-A039-C847DE92AFC7}.AppStore|Any CPU.ActiveCfg = Debug|Any CPU
		{F813E48D-D2FD-4A58-A039-C847DE92AFC7}.AppStore|Any CPU.Build.0 = Debug|Any CPU
		{F813E48D-D2FD-4A58-A039-C847DE92AFC7}.AppStore|Mixed Platforms.ActiveCfg = Release|x86
		{F813E48D-D2FD-4A58-A039-C847DE92AFC7}.AppStore|x86.ActiveCfg = Release|x86
		{F813E48D-D2FD-4A58-A039-C847DE92AFC7}.Debug|Any CPU.ActiveCfg = Debug|x86
		{F813E48D-D2FD-4A58-A039-C847DE92AFC7}.Debug|Any CPU.Build.0 = Debug|x86
		{F813E48D-D2FD-4A58-A039-C847DE92AFC7}.Debug|Mixed Platforms.ActiveCfg = Debug|Any CPU
		{F813E48D-D2FD-4A58-A039-C847DE92AFC7}.Debug|Mixed Platforms.Build.0 = Debug|Any CPU
		{F813E48D-D2FD-4A58-A039-C847DE92AFC7}.Debug|x86.ActiveCfg = Debug|x86
		{F813E48D-D2FD-4A58-A039-C847DE92AFC7}.Debug|x86.Build.0 = Debug|x86
		{F813E48D-D2FD-4A58-A039-C847DE92AFC7}.Release|Any CPU.ActiveCfg = Release|x86
		{F813E48D-D2FD-4A58-A039-C847DE92AFC7}.Release|Any CPU.Build.0 = Release|x86
		{F813E48D-D2FD-4A58-A039-C847DE92AFC7}.Release|Mixed Platforms.ActiveCfg = Release|Any CPU
		{F813E48D-D2FD-4A58-A039-C847DE92AFC7}.Release|Mixed Platforms.Build.0 = Release|Any CPU
		{F813E48D-D2FD-4A58-A039-C847DE92AFC7}.Release|x86.ActiveCfg = Release|x86
		{F813E48D-D2FD-4A58-A039-C847DE92AFC7}.Release|x86.Build.0 = Release|x86
		{86D5E7B9-D58B-41EB-81D9-FC548F055EE5}.AppStore|Any CPU.ActiveCfg = Debug|Any CPU
		{86D5E7B9-D58B-41EB-81D9-FC548F055EE5}.AppStore|Any CPU.Build.0 = Debug|Any CPU
		{86D5E7B9-D58B-41EB-81D9-FC548F055EE5}.AppStore|Mixed Platforms.ActiveCfg = Release|x86
		{86D5E7B9-D58B-41EB-81D9-FC548F055EE5}.AppStore|x86.ActiveCfg = Release|x86
		{86D5E7B9-D58B-41EB-81D9-FC548F055EE5}.Debug|Any CPU.ActiveCfg = Debug|Any CPU
		{86D5E7B9-D58B-41EB-81D9-FC548F055EE5}.Debug|Any CPU.Build.0 = Debug|Any CPU
		{86D5E7B9-D58B-41EB-81D9-FC548F055EE5}.Debug|Mixed Platforms.ActiveCfg = Debug|Any CPU
		{86D5E7B9-D58B-41EB-81D9-FC548F055EE5}.Debug|Mixed Platforms.Build.0 = Debug|Any CPU
		{86D5E7B9-D58B-41EB-81D9-FC548F055EE5}.Debug|x86.ActiveCfg = Debug|Any CPU
		{86D5E7B9-D58B-41EB-81D9-FC548F055EE5}.Debug|x86.Build.0 = Debug|Any CPU
		{86D5E7B9-D58B-41EB-81D9-FC548F055EE5}.Release|Any CPU.ActiveCfg = Release|Any CPU
		{86D5E7B9-D58B-41EB-81D9-FC548F055EE5}.Release|Any CPU.Build.0 = Release|Any CPU
		{86D5E7B9-D58B-41EB-81D9-FC548F055EE5}.Release|Mixed Platforms.ActiveCfg = Release|Any CPU
		{86D5E7B9-D58B-41EB-81D9-FC548F055EE5}.Release|Mixed Platforms.Build.0 = Release|Any CPU
		{86D5E7B9-D58B-41EB-81D9-FC548F055EE5}.Release|x86.ActiveCfg = Release|x86
		{86D5E7B9-D58B-41EB-81D9-FC548F055EE5}.Release|x86.Build.0 = Release|x86
		{FBFBAB99-6585-4360-AE7B-08842326A64C}.AppStore|Any CPU.ActiveCfg = Debug|Any CPU
		{FBFBAB99-6585-4360-AE7B-08842326A64C}.AppStore|Any CPU.Build.0 = Debug|Any CPU
		{FBFBAB99-6585-4360-AE7B-08842326A64C}.AppStore|Mixed Platforms.ActiveCfg = Release|x86
		{FBFBAB99-6585-4360-AE7B-08842326A64C}.AppStore|x86.ActiveCfg = Release|x86
		{FBFBAB99-6585-4360-AE7B-08842326A64C}.Debug|Any CPU.ActiveCfg = Debug|Any CPU
		{FBFBAB99-6585-4360-AE7B-08842326A64C}.Debug|Any CPU.Build.0 = Debug|Any CPU
		{FBFBAB99-6585-4360-AE7B-08842326A64C}.Debug|Mixed Platforms.ActiveCfg = Debug|Any CPU
		{FBFBAB99-6585-4360-AE7B-08842326A64C}.Debug|Mixed Platforms.Build.0 = Debug|Any CPU
		{FBFBAB99-6585-4360-AE7B-08842326A64C}.Debug|x86.ActiveCfg = Debug|x86
		{FBFBAB99-6585-4360-AE7B-08842326A64C}.Debug|x86.Build.0 = Debug|x86
		{FBFBAB99-6585-4360-AE7B-08842326A64C}.Release|Any CPU.ActiveCfg = Release|Any CPU
		{FBFBAB99-6585-4360-AE7B-08842326A64C}.Release|Any CPU.Build.0 = Release|Any CPU
		{FBFBAB99-6585-4360-AE7B-08842326A64C}.Release|Mixed Platforms.ActiveCfg = Release|Any CPU
		{FBFBAB99-6585-4360-AE7B-08842326A64C}.Release|Mixed Platforms.Build.0 = Release|Any CPU
		{FBFBAB99-6585-4360-AE7B-08842326A64C}.Release|x86.ActiveCfg = Release|x86
		{FBFBAB99-6585-4360-AE7B-08842326A64C}.Release|x86.Build.0 = Release|x86
		{0CB137C9-A6E1-4482-A7A2-B4A23304D698}.AppStore|Any CPU.ActiveCfg = Debug|Any CPU
		{0CB137C9-A6E1-4482-A7A2-B4A23304D698}.AppStore|Any CPU.Build.0 = Debug|Any CPU
		{0CB137C9-A6E1-4482-A7A2-B4A23304D698}.AppStore|Mixed Platforms.ActiveCfg = Release|x86
		{0CB137C9-A6E1-4482-A7A2-B4A23304D698}.AppStore|x86.ActiveCfg = Release|x86
		{0CB137C9-A6E1-4482-A7A2-B4A23304D698}.Debug|Any CPU.ActiveCfg = Debug|Any CPU
		{0CB137C9-A6E1-4482-A7A2-B4A23304D698}.Debug|Any CPU.Build.0 = Debug|Any CPU
		{0CB137C9-A6E1-4482-A7A2-B4A23304D698}.Debug|Mixed Platforms.ActiveCfg = Debug|Any CPU
		{0CB137C9-A6E1-4482-A7A2-B4A23304D698}.Debug|Mixed Platforms.Build.0 = Debug|Any CPU
		{0CB137C9-A6E1-4482-A7A2-B4A23304D698}.Debug|x86.ActiveCfg = Debug|x86
		{0CB137C9-A6E1-4482-A7A2-B4A23304D698}.Debug|x86.Build.0 = Debug|x86
		{0CB137C9-A6E1-4482-A7A2-B4A23304D698}.Release|Any CPU.ActiveCfg = Release|Any CPU
		{0CB137C9-A6E1-4482-A7A2-B4A23304D698}.Release|Any CPU.Build.0 = Release|Any CPU
		{0CB137C9-A6E1-4482-A7A2-B4A23304D698}.Release|Mixed Platforms.ActiveCfg = Release|Any CPU
		{0CB137C9-A6E1-4482-A7A2-B4A23304D698}.Release|Mixed Platforms.Build.0 = Release|Any CPU
		{0CB137C9-A6E1-4482-A7A2-B4A23304D698}.Release|x86.ActiveCfg = Release|x86
		{0CB137C9-A6E1-4482-A7A2-B4A23304D698}.Release|x86.Build.0 = Release|x86
		{B8D40D96-2D55-4701-AC80-36C1C23A5170}.AppStore|Any CPU.ActiveCfg = Debug|Any CPU
		{B8D40D96-2D55-4701-AC80-36C1C23A5170}.AppStore|Any CPU.Build.0 = Debug|Any CPU
		{B8D40D96-2D55-4701-AC80-36C1C23A5170}.AppStore|Mixed Platforms.ActiveCfg = Debug|x86
		{B8D40D96-2D55-4701-AC80-36C1C23A5170}.AppStore|x86.ActiveCfg = Debug|x86
		{B8D40D96-2D55-4701-AC80-36C1C23A5170}.Debug|Any CPU.ActiveCfg = Debug|Any CPU
		{B8D40D96-2D55-4701-AC80-36C1C23A5170}.Debug|Any CPU.Build.0 = Debug|Any CPU
		{B8D40D96-2D55-4701-AC80-36C1C23A5170}.Debug|Mixed Platforms.ActiveCfg = Debug|Any CPU
		{B8D40D96-2D55-4701-AC80-36C1C23A5170}.Debug|Mixed Platforms.Build.0 = Debug|Any CPU
		{B8D40D96-2D55-4701-AC80-36C1C23A5170}.Debug|x86.ActiveCfg = Debug|x86
		{B8D40D96-2D55-4701-AC80-36C1C23A5170}.Debug|x86.Build.0 = Debug|x86
		{B8D40D96-2D55-4701-AC80-36C1C23A5170}.Release|Any CPU.ActiveCfg = Release|Any CPU
		{B8D40D96-2D55-4701-AC80-36C1C23A5170}.Release|Any CPU.Build.0 = Release|Any CPU
		{B8D40D96-2D55-4701-AC80-36C1C23A5170}.Release|Mixed Platforms.ActiveCfg = Release|Any CPU
		{B8D40D96-2D55-4701-AC80-36C1C23A5170}.Release|Mixed Platforms.Build.0 = Release|Any CPU
		{B8D40D96-2D55-4701-AC80-36C1C23A5170}.Release|x86.ActiveCfg = Release|Any CPU
		{F62FEE7B-3D05-4ECA-BB9C-C45867A6A87B}.AppStore|Any CPU.ActiveCfg = Debug|Any CPU
		{F62FEE7B-3D05-4ECA-BB9C-C45867A6A87B}.AppStore|Any CPU.Build.0 = Debug|Any CPU
		{F62FEE7B-3D05-4ECA-BB9C-C45867A6A87B}.AppStore|Mixed Platforms.ActiveCfg = Debug|x86
		{F62FEE7B-3D05-4ECA-BB9C-C45867A6A87B}.AppStore|x86.ActiveCfg = Debug|x86
		{F62FEE7B-3D05-4ECA-BB9C-C45867A6A87B}.Debug|Any CPU.ActiveCfg = Debug|Any CPU
		{F62FEE7B-3D05-4ECA-BB9C-C45867A6A87B}.Debug|Any CPU.Build.0 = Debug|Any CPU
		{F62FEE7B-3D05-4ECA-BB9C-C45867A6A87B}.Debug|Mixed Platforms.ActiveCfg = Debug|Any CPU
		{F62FEE7B-3D05-4ECA-BB9C-C45867A6A87B}.Debug|Mixed Platforms.Build.0 = Debug|Any CPU
		{F62FEE7B-3D05-4ECA-BB9C-C45867A6A87B}.Debug|x86.ActiveCfg = Debug|x86
		{F62FEE7B-3D05-4ECA-BB9C-C45867A6A87B}.Debug|x86.Build.0 = Debug|x86
		{F62FEE7B-3D05-4ECA-BB9C-C45867A6A87B}.Release|Any CPU.ActiveCfg = Release|Any CPU
		{F62FEE7B-3D05-4ECA-BB9C-C45867A6A87B}.Release|Any CPU.Build.0 = Release|Any CPU
		{F62FEE7B-3D05-4ECA-BB9C-C45867A6A87B}.Release|Mixed Platforms.ActiveCfg = Release|Any CPU
		{F62FEE7B-3D05-4ECA-BB9C-C45867A6A87B}.Release|Mixed Platforms.Build.0 = Release|Any CPU
		{F62FEE7B-3D05-4ECA-BB9C-C45867A6A87B}.Release|x86.ActiveCfg = Release|Any CPU
		{5CE03A63-03F0-4FA3-8E4D-20C0D2CC178E}.AppStore|Any CPU.ActiveCfg = AppStore|Any CPU
		{5CE03A63-03F0-4FA3-8E4D-20C0D2CC178E}.AppStore|Any CPU.Build.0 = AppStore|Any CPU
		{5CE03A63-03F0-4FA3-8E4D-20C0D2CC178E}.AppStore|Mixed Platforms.ActiveCfg = AppStore|Any CPU
		{5CE03A63-03F0-4FA3-8E4D-20C0D2CC178E}.AppStore|x86.ActiveCfg = AppStore|Any CPU
		{5CE03A63-03F0-4FA3-8E4D-20C0D2CC178E}.Debug|Any CPU.ActiveCfg = Debug|Any CPU
		{5CE03A63-03F0-4FA3-8E4D-20C0D2CC178E}.Debug|Any CPU.Build.0 = Debug|Any CPU
		{5CE03A63-03F0-4FA3-8E4D-20C0D2CC178E}.Debug|Mixed Platforms.ActiveCfg = Debug|Any CPU
		{5CE03A63-03F0-4FA3-8E4D-20C0D2CC178E}.Debug|Mixed Platforms.Build.0 = Debug|Any CPU
		{5CE03A63-03F0-4FA3-8E4D-20C0D2CC178E}.Debug|x86.ActiveCfg = Debug|Any CPU
		{5CE03A63-03F0-4FA3-8E4D-20C0D2CC178E}.Debug|x86.Build.0 = Debug|Any CPU
		{5CE03A63-03F0-4FA3-8E4D-20C0D2CC178E}.Release|Any CPU.ActiveCfg = Release|Any CPU
		{5CE03A63-03F0-4FA3-8E4D-20C0D2CC178E}.Release|Any CPU.Build.0 = Release|Any CPU
		{5CE03A63-03F0-4FA3-8E4D-20C0D2CC178E}.Release|Mixed Platforms.ActiveCfg = Release|Any CPU
		{5CE03A63-03F0-4FA3-8E4D-20C0D2CC178E}.Release|Mixed Platforms.Build.0 = Release|Any CPU
		{5CE03A63-03F0-4FA3-8E4D-20C0D2CC178E}.Release|x86.ActiveCfg = Release|Any CPU
		{5CE03A63-03F0-4FA3-8E4D-20C0D2CC178E}.Release|x86.Build.0 = Release|Any CPU
		{F7E04E19-6B7A-434E-BD12-5D50F6B1F058}.AppStore|Any CPU.ActiveCfg = Release|Any CPU
		{F7E04E19-6B7A-434E-BD12-5D50F6B1F058}.AppStore|Any CPU.Build.0 = Release|Any CPU
		{F7E04E19-6B7A-434E-BD12-5D50F6B1F058}.AppStore|Mixed Platforms.ActiveCfg = Release|Any CPU
		{F7E04E19-6B7A-434E-BD12-5D50F6B1F058}.AppStore|Mixed Platforms.Build.0 = Release|Any CPU
		{F7E04E19-6B7A-434E-BD12-5D50F6B1F058}.AppStore|x86.ActiveCfg = Release|Any CPU
		{F7E04E19-6B7A-434E-BD12-5D50F6B1F058}.Debug|Any CPU.ActiveCfg = Debug|Any CPU
		{F7E04E19-6B7A-434E-BD12-5D50F6B1F058}.Debug|Any CPU.Build.0 = Debug|Any CPU
		{F7E04E19-6B7A-434E-BD12-5D50F6B1F058}.Debug|Mixed Platforms.ActiveCfg = Debug|Any CPU
		{F7E04E19-6B7A-434E-BD12-5D50F6B1F058}.Debug|Mixed Platforms.Build.0 = Debug|Any CPU
		{F7E04E19-6B7A-434E-BD12-5D50F6B1F058}.Debug|x86.ActiveCfg = Debug|Any CPU
		{F7E04E19-6B7A-434E-BD12-5D50F6B1F058}.Debug|x86.Build.0 = Debug|Any CPU
		{F7E04E19-6B7A-434E-BD12-5D50F6B1F058}.Release|Any CPU.ActiveCfg = Release|Any CPU
		{F7E04E19-6B7A-434E-BD12-5D50F6B1F058}.Release|Any CPU.Build.0 = Release|Any CPU
		{F7E04E19-6B7A-434E-BD12-5D50F6B1F058}.Release|Mixed Platforms.ActiveCfg = Release|Any CPU
		{F7E04E19-6B7A-434E-BD12-5D50F6B1F058}.Release|Mixed Platforms.Build.0 = Release|Any CPU
		{F7E04E19-6B7A-434E-BD12-5D50F6B1F058}.Release|x86.ActiveCfg = Release|Any CPU
		{3D6C2B2C-3E9E-498C-8DAC-2C76DA2A85FD}.AppStore|Any CPU.ActiveCfg = Release|Any CPU
		{3D6C2B2C-3E9E-498C-8DAC-2C76DA2A85FD}.AppStore|Any CPU.Build.0 = Release|Any CPU
		{3D6C2B2C-3E9E-498C-8DAC-2C76DA2A85FD}.AppStore|Mixed Platforms.ActiveCfg = Release|Any CPU
		{3D6C2B2C-3E9E-498C-8DAC-2C76DA2A85FD}.AppStore|Mixed Platforms.Build.0 = Release|Any CPU
		{3D6C2B2C-3E9E-498C-8DAC-2C76DA2A85FD}.AppStore|x86.ActiveCfg = Release|Any CPU
		{3D6C2B2C-3E9E-498C-8DAC-2C76DA2A85FD}.Debug|Any CPU.ActiveCfg = Debug|Any CPU
		{3D6C2B2C-3E9E-498C-8DAC-2C76DA2A85FD}.Debug|Any CPU.Build.0 = Debug|Any CPU
		{3D6C2B2C-3E9E-498C-8DAC-2C76DA2A85FD}.Debug|Mixed Platforms.ActiveCfg = Debug|Any CPU
		{3D6C2B2C-3E9E-498C-8DAC-2C76DA2A85FD}.Debug|Mixed Platforms.Build.0 = Debug|Any CPU
		{3D6C2B2C-3E9E-498C-8DAC-2C76DA2A85FD}.Debug|x86.ActiveCfg = Debug|Any CPU
		{3D6C2B2C-3E9E-498C-8DAC-2C76DA2A85FD}.Release|Any CPU.ActiveCfg = Release|Any CPU
		{3D6C2B2C-3E9E-498C-8DAC-2C76DA2A85FD}.Release|Any CPU.Build.0 = Release|Any CPU
		{3D6C2B2C-3E9E-498C-8DAC-2C76DA2A85FD}.Release|Mixed Platforms.ActiveCfg = Release|Any CPU
		{3D6C2B2C-3E9E-498C-8DAC-2C76DA2A85FD}.Release|Mixed Platforms.Build.0 = Release|Any CPU
		{3D6C2B2C-3E9E-498C-8DAC-2C76DA2A85FD}.Release|x86.ActiveCfg = Release|Any CPU
		{B04F9AE9-4144-44B4-A730-85105E6FBA7C}.AppStore|Any CPU.ActiveCfg = Release|Any CPU
		{B04F9AE9-4144-44B4-A730-85105E6FBA7C}.AppStore|Any CPU.Build.0 = Release|Any CPU
		{B04F9AE9-4144-44B4-A730-85105E6FBA7C}.AppStore|Mixed Platforms.ActiveCfg = Release|Any CPU
		{B04F9AE9-4144-44B4-A730-85105E6FBA7C}.AppStore|Mixed Platforms.Build.0 = Release|Any CPU
		{B04F9AE9-4144-44B4-A730-85105E6FBA7C}.AppStore|x86.ActiveCfg = Release|Any CPU
		{B04F9AE9-4144-44B4-A730-85105E6FBA7C}.Debug|Any CPU.ActiveCfg = Debug|Any CPU
		{B04F9AE9-4144-44B4-A730-85105E6FBA7C}.Debug|Any CPU.Build.0 = Debug|Any CPU
		{B04F9AE9-4144-44B4-A730-85105E6FBA7C}.Debug|Mixed Platforms.ActiveCfg = Debug|Any CPU
		{B04F9AE9-4144-44B4-A730-85105E6FBA7C}.Debug|Mixed Platforms.Build.0 = Debug|Any CPU
		{B04F9AE9-4144-44B4-A730-85105E6FBA7C}.Debug|x86.ActiveCfg = Debug|Any CPU
		{B04F9AE9-4144-44B4-A730-85105E6FBA7C}.Debug|x86.Build.0 = Debug|Any CPU
		{B04F9AE9-4144-44B4-A730-85105E6FBA7C}.Release|Any CPU.ActiveCfg = Release|Any CPU
		{B04F9AE9-4144-44B4-A730-85105E6FBA7C}.Release|Any CPU.Build.0 = Release|Any CPU
		{B04F9AE9-4144-44B4-A730-85105E6FBA7C}.Release|Mixed Platforms.ActiveCfg = Release|Any CPU
		{B04F9AE9-4144-44B4-A730-85105E6FBA7C}.Release|Mixed Platforms.Build.0 = Release|Any CPU
		{B04F9AE9-4144-44B4-A730-85105E6FBA7C}.Release|x86.ActiveCfg = Release|Any CPU
		{124ECA1A-4538-4C25-8B68-A0EEB4CBBAA0}.AppStore|Any CPU.ActiveCfg = Release|Any CPU
		{124ECA1A-4538-4C25-8B68-A0EEB4CBBAA0}.AppStore|Any CPU.Build.0 = Release|Any CPU
		{124ECA1A-4538-4C25-8B68-A0EEB4CBBAA0}.AppStore|Mixed Platforms.ActiveCfg = Release|Any CPU
		{124ECA1A-4538-4C25-8B68-A0EEB4CBBAA0}.AppStore|Mixed Platforms.Build.0 = Release|Any CPU
		{124ECA1A-4538-4C25-8B68-A0EEB4CBBAA0}.AppStore|x86.ActiveCfg = Release|Any CPU
		{124ECA1A-4538-4C25-8B68-A0EEB4CBBAA0}.Debug|Any CPU.ActiveCfg = Debug|Any CPU
		{124ECA1A-4538-4C25-8B68-A0EEB4CBBAA0}.Debug|Any CPU.Build.0 = Debug|Any CPU
		{124ECA1A-4538-4C25-8B68-A0EEB4CBBAA0}.Debug|Mixed Platforms.ActiveCfg = Debug|Any CPU
		{124ECA1A-4538-4C25-8B68-A0EEB4CBBAA0}.Debug|Mixed Platforms.Build.0 = Debug|Any CPU
		{124ECA1A-4538-4C25-8B68-A0EEB4CBBAA0}.Debug|x86.ActiveCfg = Debug|Any CPU
		{124ECA1A-4538-4C25-8B68-A0EEB4CBBAA0}.Debug|x86.Build.0 = Debug|Any CPU
		{124ECA1A-4538-4C25-8B68-A0EEB4CBBAA0}.Release|Any CPU.ActiveCfg = Release|Any CPU
		{124ECA1A-4538-4C25-8B68-A0EEB4CBBAA0}.Release|Any CPU.Build.0 = Release|Any CPU
		{124ECA1A-4538-4C25-8B68-A0EEB4CBBAA0}.Release|Mixed Platforms.ActiveCfg = Release|Any CPU
		{124ECA1A-4538-4C25-8B68-A0EEB4CBBAA0}.Release|Mixed Platforms.Build.0 = Release|Any CPU
		{124ECA1A-4538-4C25-8B68-A0EEB4CBBAA0}.Release|x86.ActiveCfg = Release|Any CPU
		{BED9E674-77EB-4841-9065-0E9D25561DED}.AppStore|Any CPU.ActiveCfg = Release|Any CPU
		{BED9E674-77EB-4841-9065-0E9D25561DED}.AppStore|Any CPU.Build.0 = Release|Any CPU
		{BED9E674-77EB-4841-9065-0E9D25561DED}.AppStore|Mixed Platforms.ActiveCfg = Release|Any CPU
		{BED9E674-77EB-4841-9065-0E9D25561DED}.AppStore|Mixed Platforms.Build.0 = Release|Any CPU
		{BED9E674-77EB-4841-9065-0E9D25561DED}.AppStore|x86.ActiveCfg = Release|Any CPU
		{BED9E674-77EB-4841-9065-0E9D25561DED}.Debug|Any CPU.ActiveCfg = Debug|Any CPU
		{BED9E674-77EB-4841-9065-0E9D25561DED}.Debug|Any CPU.Build.0 = Debug|Any CPU
		{BED9E674-77EB-4841-9065-0E9D25561DED}.Debug|Mixed Platforms.ActiveCfg = Debug|Any CPU
		{BED9E674-77EB-4841-9065-0E9D25561DED}.Debug|Mixed Platforms.Build.0 = Debug|Any CPU
		{BED9E674-77EB-4841-9065-0E9D25561DED}.Debug|x86.ActiveCfg = Debug|Any CPU
		{BED9E674-77EB-4841-9065-0E9D25561DED}.Release|Any CPU.ActiveCfg = Release|Any CPU
		{BED9E674-77EB-4841-9065-0E9D25561DED}.Release|Any CPU.Build.0 = Release|Any CPU
		{BED9E674-77EB-4841-9065-0E9D25561DED}.Release|Mixed Platforms.ActiveCfg = Release|Any CPU
		{BED9E674-77EB-4841-9065-0E9D25561DED}.Release|Mixed Platforms.Build.0 = Release|Any CPU
		{BED9E674-77EB-4841-9065-0E9D25561DED}.Release|x86.ActiveCfg = Release|Any CPU
		{F4E5D35B-3009-4B95-B3EB-3F4536804279}.AppStore|Any CPU.ActiveCfg = Release|Any CPU
		{F4E5D35B-3009-4B95-B3EB-3F4536804279}.AppStore|Any CPU.Build.0 = Release|Any CPU
		{F4E5D35B-3009-4B95-B3EB-3F4536804279}.AppStore|Mixed Platforms.ActiveCfg = Release|Any CPU
		{F4E5D35B-3009-4B95-B3EB-3F4536804279}.AppStore|Mixed Platforms.Build.0 = Release|Any CPU
		{F4E5D35B-3009-4B95-B3EB-3F4536804279}.AppStore|x86.ActiveCfg = Release|Any CPU
		{F4E5D35B-3009-4B95-B3EB-3F4536804279}.Debug|Any CPU.ActiveCfg = Debug|Any CPU
		{F4E5D35B-3009-4B95-B3EB-3F4536804279}.Debug|Any CPU.Build.0 = Debug|Any CPU
		{F4E5D35B-3009-4B95-B3EB-3F4536804279}.Debug|Mixed Platforms.ActiveCfg = Debug|Any CPU
		{F4E5D35B-3009-4B95-B3EB-3F4536804279}.Debug|Mixed Platforms.Build.0 = Debug|Any CPU
		{F4E5D35B-3009-4B95-B3EB-3F4536804279}.Debug|x86.ActiveCfg = Debug|Any CPU
		{F4E5D35B-3009-4B95-B3EB-3F4536804279}.Release|Any CPU.ActiveCfg = Release|Any CPU
		{F4E5D35B-3009-4B95-B3EB-3F4536804279}.Release|Any CPU.Build.0 = Release|Any CPU
		{F4E5D35B-3009-4B95-B3EB-3F4536804279}.Release|Mixed Platforms.ActiveCfg = Release|Any CPU
		{F4E5D35B-3009-4B95-B3EB-3F4536804279}.Release|Mixed Platforms.Build.0 = Release|Any CPU
		{F4E5D35B-3009-4B95-B3EB-3F4536804279}.Release|x86.ActiveCfg = Release|Any CPU
	EndGlobalSection
	GlobalSection(SolutionProperties) = preSolution
		HideSolutionNode = FALSE
	EndGlobalSection
	GlobalSection(NestedProjects) = preSolution
		{73257C27-0D95-471E-92DA-704D0012F83F} = {C734A6D6-27EC-42E6-83F1-40C34C746519}
		{A46AD8F1-CAEF-485A-A36C-4967671224BE} = {A0042CF8-0BA0-4238-A6CD-BE0AD015FCD4}
		{0F1AD89A-3B01-4BBE-A1F0-93A7FE9C34D8} = {A0042CF8-0BA0-4238-A6CD-BE0AD015FCD4}
		{70100E00-8921-4B78-9EEA-5326F8D0352E} = {A0042CF8-0BA0-4238-A6CD-BE0AD015FCD4}
		{3BBF7451-1844-40EA-9661-1E95D22D411F} = {A0042CF8-0BA0-4238-A6CD-BE0AD015FCD4}
		{F813E48D-D2FD-4A58-A039-C847DE92AFC7} = {A0042CF8-0BA0-4238-A6CD-BE0AD015FCD4}
		{3D6C2B2C-3E9E-498C-8DAC-2C76DA2A85FD} = {A0042CF8-0BA0-4238-A6CD-BE0AD015FCD4}
		{C734A6D6-27EC-42E6-83F1-40C34C746519} = {A0042CF8-0BA0-4238-A6CD-BE0AD015FCD4}
		{B04F9AE9-4144-44B4-A730-85105E6FBA7C} = {C734A6D6-27EC-42E6-83F1-40C34C746519}
		{BED9E674-77EB-4841-9065-0E9D25561DED} = {A0042CF8-0BA0-4238-A6CD-BE0AD015FCD4}
		{F4E5D35B-3009-4B95-B3EB-3F4536804279} = {A0042CF8-0BA0-4238-A6CD-BE0AD015FCD4}
	EndGlobalSection
	GlobalSection(MonoDevelopProperties) = preSolution
		StartupItem = Altman.Mac\Altman.Mac.csproj
	EndGlobalSection
EndGlobal
